
Microsoft Visual Studio Solution File, Format Version 12.00
# Visual Studio Version 17
VisualStudioVersion = 17.4.33110.190
MinimumVisualStudioVersion = 10.0.40219.1
Project("{FAE04EC0-301F-11D3-BF4B-00C04F79EFBC}") = "EmployeestWeb", "EmployeestWeb\EmployeestWeb.csproj", "{B74DC72E-7FBA-4EAD-B9F6-3886D228C8CA}"
EndProject
Project("{FAE04EC0-301F-11D3-BF4B-00C04F79EFBC}") = "EmployeestWeb.DAL", "EmployeestWeb.DAL\EmployeestWeb.DAL.csproj", "{C40E1DD6-3509-450B-A2E2-D72E8BD4DB0B}"
EndProject
Project("{FAE04EC0-301F-11D3-BF4B-00C04F79EFBC}") = "EmployeestWeb.BLL", "EmployeestWeb.BLL\EmployeestWeb.BLL.csproj", "{65936E6E-66F7-4E03-A191-EAB05D832CFA}"
EndProject
Global
	GlobalSection(SolutionConfigurationPlatforms) = preSolution
		Debug|Any CPU = Debug|Any CPU
		Release|Any CPU = Release|Any CPU
	EndGlobalSection
	GlobalSection(ProjectConfigurationPlatforms) = postSolution
		{B74DC72E-7FBA-4EAD-B9F6-3886D228C8CA}.Debug|Any CPU.ActiveCfg = Debug|Any CPU
		{B74DC72E-7FBA-4EAD-B9F6-3886D228C8CA}.Debug|Any CPU.Build.0 = Debug|Any CPU
		{B74DC72E-7FBA-4EAD-B9F6-3886D228C8CA}.Release|Any CPU.ActiveCfg = Release|Any CPU
		{B74DC72E-7FBA-4EAD-B9F6-3886D228C8CA}.Release|Any CPU.Build.0 = Release|Any CPU
		{C40E1DD6-3509-450B-A2E2-D72E8BD4DB0B}.Debug|Any CPU.ActiveCfg = Debug|Any CPU
		{C40E1DD6-3509-450B-A2E2-D72E8BD4DB0B}.Debug|Any CPU.Build.0 = Debug|Any CPU
		{C40E1DD6-3509-450B-A2E2-D72E8BD4DB0B}.Release|Any CPU.ActiveCfg = Release|Any CPU
		{C40E1DD6-3509-450B-A2E2-D72E8BD4DB0B}.Release|Any CPU.Build.0 = Release|Any CPU
		{65936E6E-66F7-4E03-A191-EAB05D832CFA}.Debug|Any CPU.ActiveCfg = Debug|Any CPU
		{65936E6E-66F7-4E03-A191-EAB05D832CFA}.Debug|Any CPU.Build.0 = Debug|Any CPU
		{65936E6E-66F7-4E03-A191-EAB05D832CFA}.Release|Any CPU.ActiveCfg = Release|Any CPU
		{65936E6E-66F7-4E03-A191-EAB05D832CFA}.Release|Any CPU.Build.0 = Release|Any CPU
	EndGlobalSection
	GlobalSection(SolutionProperties) = preSolution
		HideSolutionNode = FALSE
	EndGlobalSection
	GlobalSection(ExtensibilityGlobals) = postSolution
		SolutionGuid = {57D207BF-00EA-485E-B807-94A6C7B8177A}
	EndGlobalSection
EndGlobal
